// !$*UTF8*$!
{
	archiveVersion = 1;
	classes = {
	};
	objectVersion = 55;
	objects = {

/* Begin PBXBuildFile section */
		412A0669275D520C00381773 /* MoreInfoView.swift in Sources */ = {isa = PBXBuildFile; fileRef = 412A0668275D520C00381773 /* MoreInfoView.swift */; };
		412A066E275D533F00381773 /* AnnualFTRView.swift in Sources */ = {isa = PBXBuildFile; fileRef = 412A066A275D533F00381773 /* AnnualFTRView.swift */; };
		412A066F275D533F00381773 /* AppointmentFractionView.swift in Sources */ = {isa = PBXBuildFile; fileRef = 412A066B275D533F00381773 /* AppointmentFractionView.swift */; };
		412A0670275D533F00381773 /* GeneralFundView.swift in Sources */ = {isa = PBXBuildFile; fileRef = 412A066C275D533F00381773 /* GeneralFundView.swift */; };
		412A0671275D533F00381773 /* FTRBasisView.swift in Sources */ = {isa = PBXBuildFile; fileRef = 412A066D275D533F00381773 /* FTRBasisView.swift */; };
		4139F4F627248DCF00E6EC5C /* AdminViewModel.swift in Sources */ = {isa = PBXBuildFile; fileRef = 4139F4F527248DCF00E6EC5C /* AdminViewModel.swift */; };
		4139F4F82724904500E6EC5C /* View+Extensions.swift in Sources */ = {isa = PBXBuildFile; fileRef = 4139F4F72724904500E6EC5C /* View+Extensions.swift */; };
		4139F4FC2725AACB00E6EC5C /* HomeScreenView.swift in Sources */ = {isa = PBXBuildFile; fileRef = 4139F4FB2725AACB00E6EC5C /* HomeScreenView.swift */; };
		414AD1502723208A00316A45 /* AppUtils.swift in Sources */ = {isa = PBXBuildFile; fileRef = 414AD14F2723208A00316A45 /* AppUtils.swift */; };
		414AD156272320C300316A45 /* TitleDAO.swift in Sources */ = {isa = PBXBuildFile; fileRef = 414AD151272320C300316A45 /* TitleDAO.swift */; };
		414AD157272320C300316A45 /* PersonDAO.swift in Sources */ = {isa = PBXBuildFile; fileRef = 414AD152272320C300316A45 /* PersonDAO.swift */; };
		414AD158272320C300316A45 /* BaseDAO.swift in Sources */ = {isa = PBXBuildFile; fileRef = 414AD153272320C300316A45 /* BaseDAO.swift */; };
		414AD159272320C300316A45 /* DepartmentDAO.swift in Sources */ = {isa = PBXBuildFile; fileRef = 414AD154272320C300316A45 /* DepartmentDAO.swift */; };
		414AD15A272320C300316A45 /* CampusDAO.swift in Sources */ = {isa = PBXBuildFile; fileRef = 414AD155272320C300316A45 /* CampusDAO.swift */; };
		4157AD04275F00FC002A134D /* PersonListByTitleView.swift in Sources */ = {isa = PBXBuildFile; fileRef = 4157AD03275F00FC002A134D /* PersonListByTitleView.swift */; };
		4157AD06275F0122002A134D /* PersonListByTitleViewModel.swift in Sources */ = {isa = PBXBuildFile; fileRef = 4157AD05275F0121002A134D /* PersonListByTitleViewModel.swift */; };
		4157AD08275FB585002A134D /* PersonListByDepartmentView.swift in Sources */ = {isa = PBXBuildFile; fileRef = 4157AD07275FB585002A134D /* PersonListByDepartmentView.swift */; };
		4157AD0A275FB66B002A134D /* PersonListByDepartmentViewModel.swift in Sources */ = {isa = PBXBuildFile; fileRef = 4157AD09275FB66B002A134D /* PersonListByDepartmentViewModel.swift */; };
		4157AD0E2765277E002A134D /* UMSalaryPub.sqlite-shm in Resources */ = {isa = PBXBuildFile; fileRef = 4157AD0B2765277D002A134D /* UMSalaryPub.sqlite-shm */; };
		4157AD0F2765277E002A134D /* UMSalaryPub.sqlite in Resources */ = {isa = PBXBuildFile; fileRef = 4157AD0C2765277E002A134D /* UMSalaryPub.sqlite */; };
		4157AD102765277E002A134D /* UMSalaryPub.sqlite-wal in Resources */ = {isa = PBXBuildFile; fileRef = 4157AD0D2765277E002A134D /* UMSalaryPub.sqlite-wal */; };
		416C8A5E272B10CE00653032 /* BaseModel.swift in Sources */ = {isa = PBXBuildFile; fileRef = 416C8A5D272B10CE00653032 /* BaseModel.swift */; };
		41998B5C2738480A0021D632 /* DataDashboardView.swift in Sources */ = {isa = PBXBuildFile; fileRef = 41998B5B2738480A0021D632 /* DataDashboardView.swift */; };
		41998B7D273970C70021D632 /* Collections in Frameworks */ = {isa = PBXBuildFile; productRef = 41998B7C273970C70021D632 /* Collections */; };
		41998B7F273970C70021D632 /* OrderedCollections in Frameworks */ = {isa = PBXBuildFile; productRef = 41998B7E273970C70021D632 /* OrderedCollections */; };
		41998B812739A2550021D632 /* PersonViewModel.swift in Sources */ = {isa = PBXBuildFile; fileRef = 41998B802739A2550021D632 /* PersonViewModel.swift */; };
		41998B852739C2850021D632 /* PersonListViewModel.swift in Sources */ = {isa = PBXBuildFile; fileRef = 41998B842739C2850021D632 /* PersonListViewModel.swift */; };
		41998B9C273C51E00021D632 /* csvjson-02018.json in Resources */ = {isa = PBXBuildFile; fileRef = 41998B94273C51DD0021D632 /* csvjson-02018.json */; };
		41998B9D273C51E00021D632 /* csvjson-02019.json in Resources */ = {isa = PBXBuildFile; fileRef = 41998B95273C51DE0021D632 /* csvjson-02019.json */; };
		41998B9E273C51E00021D632 /* csvjson-02020.json in Resources */ = {isa = PBXBuildFile; fileRef = 41998B96273C51DE0021D632 /* csvjson-02020.json */; };
		41998B9F273C51E00021D632 /* csvjson-02015.json in Resources */ = {isa = PBXBuildFile; fileRef = 41998B97273C51DE0021D632 /* csvjson-02015.json */; };
		41998BA0273C51E00021D632 /* csvjson-02016.json in Resources */ = {isa = PBXBuildFile; fileRef = 41998B98273C51DF0021D632 /* csvjson-02016.json */; };
		41998BA1273C51E00021D632 /* csvjson-02017.json in Resources */ = {isa = PBXBuildFile; fileRef = 41998B99273C51DF0021D632 /* csvjson-02017.json */; };
		41998BA2273C51E00021D632 /* csvjson-02013.json in Resources */ = {isa = PBXBuildFile; fileRef = 41998B9A273C51DF0021D632 /* csvjson-02013.json */; };
		41998BA3273C51E00021D632 /* csvjson-02014.json in Resources */ = {isa = PBXBuildFile; fileRef = 41998B9B273C51E00021D632 /* csvjson-02014.json */; };
		41998BA7273C5BD10021D632 /* PersonListView.swift in Sources */ = {isa = PBXBuildFile; fileRef = 41998BA6273C5BD10021D632 /* PersonListView.swift */; };
		41D4B87B273FC2EA00F0FB92 /* SearchBarView.swift in Sources */ = {isa = PBXBuildFile; fileRef = 41D4B87A273FC2EA00F0FB92 /* SearchBarView.swift */; };
		41D4B87D2740B24100F0FB92 /* PersonDetailView.swift in Sources */ = {isa = PBXBuildFile; fileRef = 41D4B87C2740B24100F0FB92 /* PersonDetailView.swift */; };
		41D4B87F2740C4BD00F0FB92 /* PersonDetailViewModel.swift in Sources */ = {isa = PBXBuildFile; fileRef = 41D4B87E2740C4BD00F0FB92 /* PersonDetailViewModel.swift */; };
		41D4B8862745942900F0FB92 /* TitleViewModel.swift in Sources */ = {isa = PBXBuildFile; fileRef = 41D4B8852745942900F0FB92 /* TitleViewModel.swift */; };
		41D4B88A2745A71600F0FB92 /* TitleListViewModel.swift in Sources */ = {isa = PBXBuildFile; fileRef = 41D4B8892745A71600F0FB92 /* TitleListViewModel.swift */; };
		41D4B88C2745AAC600F0FB92 /* TitleListView.swift in Sources */ = {isa = PBXBuildFile; fileRef = 41D4B88B2745AAC600F0FB92 /* TitleListView.swift */; };
		41D4B88E2745F4B600F0FB92 /* ButtonViews.swift in Sources */ = {isa = PBXBuildFile; fileRef = 41D4B88D2745F4B600F0FB92 /* ButtonViews.swift */; };
		41D4B890274749E100F0FB92 /* DepartmentViewModel.swift in Sources */ = {isa = PBXBuildFile; fileRef = 41D4B88F274749E100F0FB92 /* DepartmentViewModel.swift */; };
		41D4B89227474FC500F0FB92 /* CampusViewModel.swift in Sources */ = {isa = PBXBuildFile; fileRef = 41D4B89127474FC500F0FB92 /* CampusViewModel.swift */; };
		41D4B8942747538800F0FB92 /* DepartmentListViewModel.swift in Sources */ = {isa = PBXBuildFile; fileRef = 41D4B8932747538800F0FB92 /* DepartmentListViewModel.swift */; };
		41D4B896274755B300F0FB92 /* CampusListViewModel.swift in Sources */ = {isa = PBXBuildFile; fileRef = 41D4B895274755B300F0FB92 /* CampusListViewModel.swift */; };
		41D4B89827493D6C00F0FB92 /* DepartmentListView.swift in Sources */ = {isa = PBXBuildFile; fileRef = 41D4B89727493D6C00F0FB92 /* DepartmentListView.swift */; };
		41D4B89A274941C200F0FB92 /* CampusListView.swift in Sources */ = {isa = PBXBuildFile; fileRef = 41D4B899274941C200F0FB92 /* CampusListView.swift */; };
		41D4B89C2749CC1800F0FB92 /* TitleDetailViewModel.swift in Sources */ = {isa = PBXBuildFile; fileRef = 41D4B89B2749CC1800F0FB92 /* TitleDetailViewModel.swift */; };
		41D4B89E2749CCA200F0FB92 /* DepartmentDetailViewModel.swift in Sources */ = {isa = PBXBuildFile; fileRef = 41D4B89D2749CCA200F0FB92 /* DepartmentDetailViewModel.swift */; };
		41D4B8A02749CD0500F0FB92 /* CampusDetailViewModel.swift in Sources */ = {isa = PBXBuildFile; fileRef = 41D4B89F2749CD0500F0FB92 /* CampusDetailViewModel.swift */; };
		41D4B8A22749CE6D00F0FB92 /* TitleDetailView.swift in Sources */ = {isa = PBXBuildFile; fileRef = 41D4B8A12749CE6D00F0FB92 /* TitleDetailView.swift */; };
		41D4B8A42749DB4700F0FB92 /* DepartmentDetailView.swift in Sources */ = {isa = PBXBuildFile; fileRef = 41D4B8A32749DB4700F0FB92 /* DepartmentDetailView.swift */; };
		41D4B8A62749DD4D00F0FB92 /* CampusDetailView.swift in Sources */ = {isa = PBXBuildFile; fileRef = 41D4B8A52749DD4D00F0FB92 /* CampusDetailView.swift */; };
		41D4B8A82749E98800F0FB92 /* PersonInsightViewModel.swift in Sources */ = {isa = PBXBuildFile; fileRef = 41D4B8A72749E98800F0FB92 /* PersonInsightViewModel.swift */; };
		41D4B8AA2749EAED00F0FB92 /* PersonInsightView.swift in Sources */ = {isa = PBXBuildFile; fileRef = 41D4B8A92749EAED00F0FB92 /* PersonInsightView.swift */; };
		41D4B8AD274C95CD00F0FB92 /* Charts in Frameworks */ = {isa = PBXBuildFile; productRef = 41D4B8AC274C95CD00F0FB92 /* Charts */; };
		41D4B8AF274D63A800F0FB92 /* PersonLineChartView.swift in Sources */ = {isa = PBXBuildFile; fileRef = 41D4B8AE274D63A800F0FB92 /* PersonLineChartView.swift */; };
		41E5A48D2721B37700A51D80 /* UMSalaryPubV4App.swift in Sources */ = {isa = PBXBuildFile; fileRef = 41E5A48C2721B37700A51D80 /* UMSalaryPubV4App.swift */; };
		41E5A48F2721B37700A51D80 /* ContentView.swift in Sources */ = {isa = PBXBuildFile; fileRef = 41E5A48E2721B37700A51D80 /* ContentView.swift */; };
		41E5A4912721B37A00A51D80 /* Assets.xcassets in Resources */ = {isa = PBXBuildFile; fileRef = 41E5A4902721B37A00A51D80 /* Assets.xcassets */; };
		41E5A4942721B37A00A51D80 /* Preview Assets.xcassets in Resources */ = {isa = PBXBuildFile; fileRef = 41E5A4932721B37A00A51D80 /* Preview Assets.xcassets */; };
		41E5A4A22721B6CE00A51D80 /* UMSalaryPub.xcdatamodeld in Sources */ = {isa = PBXBuildFile; fileRef = 41E5A4A02721B6CE00A51D80 /* UMSalaryPub.xcdatamodeld */; };
		41E5A4AF2721B95300A51D80 /* Department+CoreDataClass.swift in Sources */ = {isa = PBXBuildFile; fileRef = 41E5A4A72721B95300A51D80 /* Department+CoreDataClass.swift */; };
		41E5A4B02721B95300A51D80 /* Department+CoreDataProperties.swift in Sources */ = {isa = PBXBuildFile; fileRef = 41E5A4A82721B95300A51D80 /* Department+CoreDataProperties.swift */; };
		41E5A4B12721B95300A51D80 /* Title+CoreDataClass.swift in Sources */ = {isa = PBXBuildFile; fileRef = 41E5A4A92721B95300A51D80 /* Title+CoreDataClass.swift */; };
		41E5A4B22721B95300A51D80 /* Title+CoreDataProperties.swift in Sources */ = {isa = PBXBuildFile; fileRef = 41E5A4AA2721B95300A51D80 /* Title+CoreDataProperties.swift */; };
		41E5A4B32721B95300A51D80 /* Campus+CoreDataClass.swift in Sources */ = {isa = PBXBuildFile; fileRef = 41E5A4AB2721B95300A51D80 /* Campus+CoreDataClass.swift */; };
		41E5A4B42721B95300A51D80 /* Campus+CoreDataProperties.swift in Sources */ = {isa = PBXBuildFile; fileRef = 41E5A4AC2721B95300A51D80 /* Campus+CoreDataProperties.swift */; };
		41E5A4B52721B95300A51D80 /* Person+CoreDataClass.swift in Sources */ = {isa = PBXBuildFile; fileRef = 41E5A4AD2721B95300A51D80 /* Person+CoreDataClass.swift */; };
		41E5A4B62721B95300A51D80 /* Person+CoreDataProperties.swift in Sources */ = {isa = PBXBuildFile; fileRef = 41E5A4AE2721B95300A51D80 /* Person+CoreDataProperties.swift */; };
		41E5A4B92721BED800A51D80 /* CoreDataManager.swift in Sources */ = {isa = PBXBuildFile; fileRef = 41E5A4B82721BED800A51D80 /* CoreDataManager.swift */; };
		41EA3BB02731C35C001070CF /* FontStyles.swift in Sources */ = {isa = PBXBuildFile; fileRef = 41EA3BAF2731C35C001070CF /* FontStyles.swift */; };
		41EA3BB42731D9F2001070CF /* DashboardCountsView.swift in Sources */ = {isa = PBXBuildFile; fileRef = 41EA3BB32731D9F2001070CF /* DashboardCountsView.swift */; };
/* End PBXBuildFile section */

/* Begin PBXFileReference section */
		412A0668275D520C00381773 /* MoreInfoView.swift */ = {isa = PBXFileReference; fileEncoding = 4; lastKnownFileType = sourcecode.swift; name = MoreInfoView.swift; path = ../../../../Developer/UMICHSalaryPub5/Shared/Views/TopViews/MoreInfoView.swift; sourceTree = "<group>"; };
		412A066A275D533F00381773 /* AnnualFTRView.swift */ = {isa = PBXFileReference; fileEncoding = 4; lastKnownFileType = sourcecode.swift; path = AnnualFTRView.swift; sourceTree = "<group>"; };
		412A066B275D533F00381773 /* AppointmentFractionView.swift */ = {isa = PBXFileReference; fileEncoding = 4; lastKnownFileType = sourcecode.swift; path = AppointmentFractionView.swift; sourceTree = "<group>"; };
		412A066C275D533F00381773 /* GeneralFundView.swift */ = {isa = PBXFileReference; fileEncoding = 4; lastKnownFileType = sourcecode.swift; path = GeneralFundView.swift; sourceTree = "<group>"; };
		412A066D275D533F00381773 /* FTRBasisView.swift */ = {isa = PBXFileReference; fileEncoding = 4; lastKnownFileType = sourcecode.swift; path = FTRBasisView.swift; sourceTree = "<group>"; };
		4139F4F527248DCF00E6EC5C /* AdminViewModel.swift */ = {isa = PBXFileReference; lastKnownFileType = sourcecode.swift; path = AdminViewModel.swift; sourceTree = "<group>"; };
		4139F4F72724904500E6EC5C /* View+Extensions.swift */ = {isa = PBXFileReference; fileEncoding = 4; lastKnownFileType = sourcecode.swift; path = "View+Extensions.swift"; sourceTree = "<group>"; };
		4139F4FB2725AACB00E6EC5C /* HomeScreenView.swift */ = {isa = PBXFileReference; lastKnownFileType = sourcecode.swift; path = HomeScreenView.swift; sourceTree = "<group>"; };
		414AD14F2723208A00316A45 /* AppUtils.swift */ = {isa = PBXFileReference; fileEncoding = 4; lastKnownFileType = sourcecode.swift; path = AppUtils.swift; sourceTree = "<group>"; };
		414AD151272320C300316A45 /* TitleDAO.swift */ = {isa = PBXFileReference; fileEncoding = 4; lastKnownFileType = sourcecode.swift; path = TitleDAO.swift; sourceTree = "<group>"; };
		414AD152272320C300316A45 /* PersonDAO.swift */ = {isa = PBXFileReference; fileEncoding = 4; lastKnownFileType = sourcecode.swift; path = PersonDAO.swift; sourceTree = "<group>"; };
		414AD153272320C300316A45 /* BaseDAO.swift */ = {isa = PBXFileReference; fileEncoding = 4; lastKnownFileType = sourcecode.swift; path = BaseDAO.swift; sourceTree = "<group>"; };
		414AD154272320C300316A45 /* DepartmentDAO.swift */ = {isa = PBXFileReference; fileEncoding = 4; lastKnownFileType = sourcecode.swift; path = DepartmentDAO.swift; sourceTree = "<group>"; };
		414AD155272320C300316A45 /* CampusDAO.swift */ = {isa = PBXFileReference; fileEncoding = 4; lastKnownFileType = sourcecode.swift; path = CampusDAO.swift; sourceTree = "<group>"; };
		4157AD03275F00FC002A134D /* PersonListByTitleView.swift */ = {isa = PBXFileReference; lastKnownFileType = sourcecode.swift; path = PersonListByTitleView.swift; sourceTree = "<group>"; };
		4157AD05275F0121002A134D /* PersonListByTitleViewModel.swift */ = {isa = PBXFileReference; lastKnownFileType = sourcecode.swift; path = PersonListByTitleViewModel.swift; sourceTree = "<group>"; };
		4157AD07275FB585002A134D /* PersonListByDepartmentView.swift */ = {isa = PBXFileReference; lastKnownFileType = sourcecode.swift; path = PersonListByDepartmentView.swift; sourceTree = "<group>"; };
		4157AD09275FB66B002A134D /* PersonListByDepartmentViewModel.swift */ = {isa = PBXFileReference; lastKnownFileType = sourcecode.swift; path = PersonListByDepartmentViewModel.swift; sourceTree = "<group>"; };
		4157AD0B2765277D002A134D /* UMSalaryPub.sqlite-shm */ = {isa = PBXFileReference; lastKnownFileType = file; path = "UMSalaryPub.sqlite-shm"; sourceTree = "<group>"; };
		4157AD0C2765277E002A134D /* UMSalaryPub.sqlite */ = {isa = PBXFileReference; lastKnownFileType = file; path = UMSalaryPub.sqlite; sourceTree = "<group>"; };
		4157AD0D2765277E002A134D /* UMSalaryPub.sqlite-wal */ = {isa = PBXFileReference; lastKnownFileType = file; path = "UMSalaryPub.sqlite-wal"; sourceTree = "<group>"; };
		416C8A5D272B10CE00653032 /* BaseModel.swift */ = {isa = PBXFileReference; lastKnownFileType = sourcecode.swift; path = BaseModel.swift; sourceTree = "<group>"; };
		41998B5B2738480A0021D632 /* DataDashboardView.swift */ = {isa = PBXFileReference; fileEncoding = 4; lastKnownFileType = sourcecode.swift; path = DataDashboardView.swift; sourceTree = "<group>"; };
		41998B802739A2550021D632 /* PersonViewModel.swift */ = {isa = PBXFileReference; lastKnownFileType = sourcecode.swift; path = PersonViewModel.swift; sourceTree = "<group>"; };
		41998B842739C2850021D632 /* PersonListViewModel.swift */ = {isa = PBXFileReference; lastKnownFileType = sourcecode.swift; path = PersonListViewModel.swift; sourceTree = "<group>"; };
		41998B94273C51DD0021D632 /* csvjson-02018.json */ = {isa = PBXFileReference; fileEncoding = 4; lastKnownFileType = text.json; path = "csvjson-02018.json"; sourceTree = "<group>"; };
		41998B95273C51DE0021D632 /* csvjson-02019.json */ = {isa = PBXFileReference; fileEncoding = 4; lastKnownFileType = text.json; path = "csvjson-02019.json"; sourceTree = "<group>"; };
		41998B96273C51DE0021D632 /* csvjson-02020.json */ = {isa = PBXFileReference; fileEncoding = 4; lastKnownFileType = text.json; path = "csvjson-02020.json"; sourceTree = "<group>"; };
		41998B97273C51DE0021D632 /* csvjson-02015.json */ = {isa = PBXFileReference; fileEncoding = 4; lastKnownFileType = text.json; path = "csvjson-02015.json"; sourceTree = "<group>"; };
		41998B98273C51DF0021D632 /* csvjson-02016.json */ = {isa = PBXFileReference; fileEncoding = 4; lastKnownFileType = text.json; path = "csvjson-02016.json"; sourceTree = "<group>"; };
		41998B99273C51DF0021D632 /* csvjson-02017.json */ = {isa = PBXFileReference; fileEncoding = 4; lastKnownFileType = text.json; path = "csvjson-02017.json"; sourceTree = "<group>"; };
		41998B9A273C51DF0021D632 /* csvjson-02013.json */ = {isa = PBXFileReference; fileEncoding = 4; lastKnownFileType = text.json; path = "csvjson-02013.json"; sourceTree = "<group>"; };
		41998B9B273C51E00021D632 /* csvjson-02014.json */ = {isa = PBXFileReference; fileEncoding = 4; lastKnownFileType = text.json; path = "csvjson-02014.json"; sourceTree = "<group>"; };
		41998BA6273C5BD10021D632 /* PersonListView.swift */ = {isa = PBXFileReference; lastKnownFileType = sourcecode.swift; path = PersonListView.swift; sourceTree = "<group>"; };
		41D4B87A273FC2EA00F0FB92 /* SearchBarView.swift */ = {isa = PBXFileReference; fileEncoding = 4; lastKnownFileType = sourcecode.swift; path = SearchBarView.swift; sourceTree = "<group>"; };
		41D4B87C2740B24100F0FB92 /* PersonDetailView.swift */ = {isa = PBXFileReference; lastKnownFileType = sourcecode.swift; path = PersonDetailView.swift; sourceTree = "<group>"; };
		41D4B87E2740C4BD00F0FB92 /* PersonDetailViewModel.swift */ = {isa = PBXFileReference; lastKnownFileType = sourcecode.swift; path = PersonDetailViewModel.swift; sourceTree = "<group>"; };
		41D4B8852745942900F0FB92 /* TitleViewModel.swift */ = {isa = PBXFileReference; lastKnownFileType = sourcecode.swift; path = TitleViewModel.swift; sourceTree = "<group>"; };
		41D4B8892745A71600F0FB92 /* TitleListViewModel.swift */ = {isa = PBXFileReference; lastKnownFileType = sourcecode.swift; path = TitleListViewModel.swift; sourceTree = "<group>"; };
		41D4B88B2745AAC600F0FB92 /* TitleListView.swift */ = {isa = PBXFileReference; lastKnownFileType = sourcecode.swift; path = TitleListView.swift; sourceTree = "<group>"; };
		41D4B88D2745F4B600F0FB92 /* ButtonViews.swift */ = {isa = PBXFileReference; lastKnownFileType = sourcecode.swift; path = ButtonViews.swift; sourceTree = "<group>"; };
		41D4B88F274749E100F0FB92 /* DepartmentViewModel.swift */ = {isa = PBXFileReference; lastKnownFileType = sourcecode.swift; path = DepartmentViewModel.swift; sourceTree = "<group>"; };
		41D4B89127474FC500F0FB92 /* CampusViewModel.swift */ = {isa = PBXFileReference; lastKnownFileType = sourcecode.swift; path = CampusViewModel.swift; sourceTree = "<group>"; };
		41D4B8932747538800F0FB92 /* DepartmentListViewModel.swift */ = {isa = PBXFileReference; lastKnownFileType = sourcecode.swift; path = DepartmentListViewModel.swift; sourceTree = "<group>"; };
		41D4B895274755B300F0FB92 /* CampusListViewModel.swift */ = {isa = PBXFileReference; lastKnownFileType = sourcecode.swift; path = CampusListViewModel.swift; sourceTree = "<group>"; };
		41D4B89727493D6C00F0FB92 /* DepartmentListView.swift */ = {isa = PBXFileReference; lastKnownFileType = sourcecode.swift; path = DepartmentListView.swift; sourceTree = "<group>"; };
		41D4B899274941C200F0FB92 /* CampusListView.swift */ = {isa = PBXFileReference; lastKnownFileType = sourcecode.swift; path = CampusListView.swift; sourceTree = "<group>"; };
		41D4B89B2749CC1800F0FB92 /* TitleDetailViewModel.swift */ = {isa = PBXFileReference; lastKnownFileType = sourcecode.swift; path = TitleDetailViewModel.swift; sourceTree = "<group>"; };
		41D4B89D2749CCA200F0FB92 /* DepartmentDetailViewModel.swift */ = {isa = PBXFileReference; lastKnownFileType = sourcecode.swift; path = DepartmentDetailViewModel.swift; sourceTree = "<group>"; };
		41D4B89F2749CD0500F0FB92 /* CampusDetailViewModel.swift */ = {isa = PBXFileReference; lastKnownFileType = sourcecode.swift; path = CampusDetailViewModel.swift; sourceTree = "<group>"; };
		41D4B8A12749CE6D00F0FB92 /* TitleDetailView.swift */ = {isa = PBXFileReference; lastKnownFileType = sourcecode.swift; path = TitleDetailView.swift; sourceTree = "<group>"; };
		41D4B8A32749DB4700F0FB92 /* DepartmentDetailView.swift */ = {isa = PBXFileReference; lastKnownFileType = sourcecode.swift; path = DepartmentDetailView.swift; sourceTree = "<group>"; };
		41D4B8A52749DD4D00F0FB92 /* CampusDetailView.swift */ = {isa = PBXFileReference; lastKnownFileType = sourcecode.swift; path = CampusDetailView.swift; sourceTree = "<group>"; };
		41D4B8A72749E98800F0FB92 /* PersonInsightViewModel.swift */ = {isa = PBXFileReference; lastKnownFileType = sourcecode.swift; path = PersonInsightViewModel.swift; sourceTree = "<group>"; };
		41D4B8A92749EAED00F0FB92 /* PersonInsightView.swift */ = {isa = PBXFileReference; lastKnownFileType = sourcecode.swift; path = PersonInsightView.swift; sourceTree = "<group>"; };
		41D4B8AE274D63A800F0FB92 /* PersonLineChartView.swift */ = {isa = PBXFileReference; fileEncoding = 4; lastKnownFileType = sourcecode.swift; path = PersonLineChartView.swift; sourceTree = "<group>"; };
		41E5A4892721B37700A51D80 /* UMSalaryPubV4.app */ = {isa = PBXFileReference; explicitFileType = wrapper.application; includeInIndex = 0; path = UMSalaryPubV4.app; sourceTree = BUILT_PRODUCTS_DIR; };
		41E5A48C2721B37700A51D80 /* UMSalaryPubV4App.swift */ = {isa = PBXFileReference; lastKnownFileType = sourcecode.swift; path = UMSalaryPubV4App.swift; sourceTree = "<group>"; };
		41E5A48E2721B37700A51D80 /* ContentView.swift */ = {isa = PBXFileReference; lastKnownFileType = sourcecode.swift; path = ContentView.swift; sourceTree = "<group>"; };
		41E5A4902721B37A00A51D80 /* Assets.xcassets */ = {isa = PBXFileReference; lastKnownFileType = folder.assetcatalog; path = Assets.xcassets; sourceTree = "<group>"; };
		41E5A4932721B37A00A51D80 /* Preview Assets.xcassets */ = {isa = PBXFileReference; lastKnownFileType = folder.assetcatalog; path = "Preview Assets.xcassets"; sourceTree = "<group>"; };
		41E5A4A12721B6CE00A51D80 /* Shared.xcdatamodel */ = {isa = PBXFileReference; lastKnownFileType = wrapper.xcdatamodel; path = Shared.xcdatamodel; sourceTree = "<group>"; };
		41E5A4A72721B95300A51D80 /* Department+CoreDataClass.swift */ = {isa = PBXFileReference; fileEncoding = 4; lastKnownFileType = sourcecode.swift; path = "Department+CoreDataClass.swift"; sourceTree = "<group>"; };
		41E5A4A82721B95300A51D80 /* Department+CoreDataProperties.swift */ = {isa = PBXFileReference; fileEncoding = 4; lastKnownFileType = sourcecode.swift; path = "Department+CoreDataProperties.swift"; sourceTree = "<group>"; };
		41E5A4A92721B95300A51D80 /* Title+CoreDataClass.swift */ = {isa = PBXFileReference; fileEncoding = 4; lastKnownFileType = sourcecode.swift; path = "Title+CoreDataClass.swift"; sourceTree = "<group>"; };
		41E5A4AA2721B95300A51D80 /* Title+CoreDataProperties.swift */ = {isa = PBXFileReference; fileEncoding = 4; lastKnownFileType = sourcecode.swift; path = "Title+CoreDataProperties.swift"; sourceTree = "<group>"; };
		41E5A4AB2721B95300A51D80 /* Campus+CoreDataClass.swift */ = {isa = PBXFileReference; fileEncoding = 4; lastKnownFileType = sourcecode.swift; path = "Campus+CoreDataClass.swift"; sourceTree = "<group>"; };
		41E5A4AC2721B95300A51D80 /* Campus+CoreDataProperties.swift */ = {isa = PBXFileReference; fileEncoding = 4; lastKnownFileType = sourcecode.swift; path = "Campus+CoreDataProperties.swift"; sourceTree = "<group>"; };
		41E5A4AD2721B95300A51D80 /* Person+CoreDataClass.swift */ = {isa = PBXFileReference; fileEncoding = 4; lastKnownFileType = sourcecode.swift; path = "Person+CoreDataClass.swift"; sourceTree = "<group>"; };
		41E5A4AE2721B95300A51D80 /* Person+CoreDataProperties.swift */ = {isa = PBXFileReference; fileEncoding = 4; lastKnownFileType = sourcecode.swift; path = "Person+CoreDataProperties.swift"; sourceTree = "<group>"; };
		41E5A4B82721BED800A51D80 /* CoreDataManager.swift */ = {isa = PBXFileReference; lastKnownFileType = sourcecode.swift; path = CoreDataManager.swift; sourceTree = "<group>"; };
		41EA3BAF2731C35C001070CF /* FontStyles.swift */ = {isa = PBXFileReference; fileEncoding = 4; lastKnownFileType = sourcecode.swift; path = FontStyles.swift; sourceTree = "<group>"; };
		41EA3BB32731D9F2001070CF /* DashboardCountsView.swift */ = {isa = PBXFileReference; lastKnownFileType = sourcecode.swift; path = DashboardCountsView.swift; sourceTree = "<group>"; };
/* End PBXFileReference section */

/* Begin PBXFrameworksBuildPhase section */
		41E5A4862721B37700A51D80 /* Frameworks */ = {
			isa = PBXFrameworksBuildPhase;
			buildActionMask = 2147483647;
			files = (
				41998B7F273970C70021D632 /* OrderedCollections in Frameworks */,
				41D4B8AD274C95CD00F0FB92 /* Charts in Frameworks */,
				41998B7D273970C70021D632 /* Collections in Frameworks */,
			);
			runOnlyForDeploymentPostprocessing = 0;
		};
/* End PBXFrameworksBuildPhase section */

/* Begin PBXGroup section */
		4139F4F427245CDC00E6EC5C /* View Models */ = {
			isa = PBXGroup;
			children = (
				4139F4F527248DCF00E6EC5C /* AdminViewModel.swift */,
				41D4B8A72749E98800F0FB92 /* PersonInsightViewModel.swift */,
				41D4B87E2740C4BD00F0FB92 /* PersonDetailViewModel.swift */,
				41998B842739C2850021D632 /* PersonListViewModel.swift */,
				41998B802739A2550021D632 /* PersonViewModel.swift */,
				4157AD05275F0121002A134D /* PersonListByTitleViewModel.swift */,
				4157AD09275FB66B002A134D /* PersonListByDepartmentViewModel.swift */,
				41D4B89B2749CC1800F0FB92 /* TitleDetailViewModel.swift */,
				41D4B8892745A71600F0FB92 /* TitleListViewModel.swift */,
				41D4B8852745942900F0FB92 /* TitleViewModel.swift */,
				41D4B89D2749CCA200F0FB92 /* DepartmentDetailViewModel.swift */,
				41D4B8932747538800F0FB92 /* DepartmentListViewModel.swift */,
				41D4B88F274749E100F0FB92 /* DepartmentViewModel.swift */,
				41D4B89F2749CD0500F0FB92 /* CampusDetailViewModel.swift */,
				41D4B895274755B300F0FB92 /* CampusListViewModel.swift */,
				41D4B89127474FC500F0FB92 /* CampusViewModel.swift */,
			);
			path = "View Models";
			sourceTree = "<group>";
		};
		4139F4FA2725A96E00E6EC5C /* Search Views */ = {
			isa = PBXGroup;
			children = (
				4139F4FB2725AACB00E6EC5C /* HomeScreenView.swift */,
				41D4B87A273FC2EA00F0FB92 /* SearchBarView.swift */,
				41D4B8A92749EAED00F0FB92 /* PersonInsightView.swift */,
				41D4B8AE274D63A800F0FB92 /* PersonLineChartView.swift */,
				41D4B87C2740B24100F0FB92 /* PersonDetailView.swift */,
				41998BA6273C5BD10021D632 /* PersonListView.swift */,
				4157AD03275F00FC002A134D /* PersonListByTitleView.swift */,
				4157AD07275FB585002A134D /* PersonListByDepartmentView.swift */,
				41D4B8A12749CE6D00F0FB92 /* TitleDetailView.swift */,
				41D4B88B2745AAC600F0FB92 /* TitleListView.swift */,
				41D4B8A32749DB4700F0FB92 /* DepartmentDetailView.swift */,
				41D4B89727493D6C00F0FB92 /* DepartmentListView.swift */,
				41D4B8A52749DD4D00F0FB92 /* CampusDetailView.swift */,
				41D4B899274941C200F0FB92 /* CampusListView.swift */,
			);
			path = "Search Views";
			sourceTree = "<group>";
		};
		4139F4FD2725AB4000E6EC5C /* Models */ = {
			isa = PBXGroup;
			children = (
				41E5A4AD2721B95300A51D80 /* Person+CoreDataClass.swift */,
				41E5A4AE2721B95300A51D80 /* Person+CoreDataProperties.swift */,
				41E5A4A92721B95300A51D80 /* Title+CoreDataClass.swift */,
				41E5A4AA2721B95300A51D80 /* Title+CoreDataProperties.swift */,
				41E5A4A72721B95300A51D80 /* Department+CoreDataClass.swift */,
				41E5A4A82721B95300A51D80 /* Department+CoreDataProperties.swift */,
				41E5A4AB2721B95300A51D80 /* Campus+CoreDataClass.swift */,
				41E5A4AC2721B95300A51D80 /* Campus+CoreDataProperties.swift */,
				416C8A5D272B10CE00653032 /* BaseModel.swift */,
			);
			path = Models;
			sourceTree = "<group>";
		};
		4139F4FE2725AC1B00E6EC5C /* More Info Views */ = {
			isa = PBXGroup;
			children = (
				412A0668275D520C00381773 /* MoreInfoView.swift */,
				412A066A275D533F00381773 /* AnnualFTRView.swift */,
				412A066B275D533F00381773 /* AppointmentFractionView.swift */,
				412A066D275D533F00381773 /* FTRBasisView.swift */,
				412A066C275D533F00381773 /* GeneralFundView.swift */,
			);
			path = "More Info Views";
			sourceTree = "<group>";
		};
		414AD1482723146800316A45 /* Data */ = {
			isa = PBXGroup;
			children = (
				414AD153272320C300316A45 /* BaseDAO.swift */,
				414AD155272320C300316A45 /* CampusDAO.swift */,
				414AD154272320C300316A45 /* DepartmentDAO.swift */,
				414AD152272320C300316A45 /* PersonDAO.swift */,
				414AD151272320C300316A45 /* TitleDAO.swift */,
				41998B9A273C51DF0021D632 /* csvjson-02013.json */,
				41998B9B273C51E00021D632 /* csvjson-02014.json */,
				41998B97273C51DE0021D632 /* csvjson-02015.json */,
				41998B98273C51DF0021D632 /* csvjson-02016.json */,
				41998B99273C51DF0021D632 /* csvjson-02017.json */,
				41998B94273C51DD0021D632 /* csvjson-02018.json */,
				41998B95273C51DE0021D632 /* csvjson-02019.json */,
				41998B96273C51DE0021D632 /* csvjson-02020.json */,
			);
			path = Data;
			sourceTree = "<group>";
		};
		414AD14B272316B500316A45 /* Views */ = {
			isa = PBXGroup;
			children = (
				41E5A48E2721B37700A51D80 /* ContentView.swift */,
				414AD15B2723257200316A45 /* Admin Views */,
				4139F4FA2725A96E00E6EC5C /* Search Views */,
				4139F4FE2725AC1B00E6EC5C /* More Info Views */,
			);
			path = Views;
			sourceTree = "<group>";
		};
		414AD14D272316EE00316A45 /* Extensions */ = {
			isa = PBXGroup;
			children = (
				4139F4F72724904500E6EC5C /* View+Extensions.swift */,
			);
			path = Extensions;
			sourceTree = "<group>";
		};
		414AD14E2723175500316A45 /* Utils+Buttons */ = {
			isa = PBXGroup;
			children = (
				414AD14F2723208A00316A45 /* AppUtils.swift */,
				41EA3BAF2731C35C001070CF /* FontStyles.swift */,
				41D4B88D2745F4B600F0FB92 /* ButtonViews.swift */,
			);
			path = "Utils+Buttons";
			sourceTree = "<group>";
		};
		414AD15B2723257200316A45 /* Admin Views */ = {
			isa = PBXGroup;
			children = (
				41998B5B2738480A0021D632 /* DataDashboardView.swift */,
				41EA3BB32731D9F2001070CF /* DashboardCountsView.swift */,
			);
			name = "Admin Views";
			path = "../View Models/Admin Views";
			sourceTree = "<group>";
		};
		41E5A4802721B37700A51D80 = {
			isa = PBXGroup;
			children = (
				4157AD0C2765277E002A134D /* UMSalaryPub.sqlite */,
				4157AD0B2765277D002A134D /* UMSalaryPub.sqlite-shm */,
				4157AD0D2765277E002A134D /* UMSalaryPub.sqlite-wal */,
				41E5A48B2721B37700A51D80 /* UMSalaryPubV4 */,
				41E5A48A2721B37700A51D80 /* Products */,
			);
			sourceTree = "<group>";
		};
		41E5A48A2721B37700A51D80 /* Products */ = {
			isa = PBXGroup;
			children = (
				41E5A4892721B37700A51D80 /* UMSalaryPubV4.app */,
			);
			name = Products;
			sourceTree = "<group>";
		};
		41E5A48B2721B37700A51D80 /* UMSalaryPubV4 */ = {
			isa = PBXGroup;
			children = (
				41E5A48C2721B37700A51D80 /* UMSalaryPubV4App.swift */,
				41E5A4B72721BEBE00A51D80 /* CoreData Manager */,
				414AD14D272316EE00316A45 /* Extensions */,
				414AD14E2723175500316A45 /* Utils+Buttons */,
				4139F4FD2725AB4000E6EC5C /* Models */,
				4139F4F427245CDC00E6EC5C /* View Models */,
				414AD14B272316B500316A45 /* Views */,
				414AD1482723146800316A45 /* Data */,
				41E5A4902721B37A00A51D80 /* Assets.xcassets */,
				41E5A4A02721B6CE00A51D80 /* UMSalaryPub.xcdatamodeld */,
				41E5A4922721B37A00A51D80 /* Preview Content */,
			);
			path = UMSalaryPubV4;
			sourceTree = "<group>";
		};
		41E5A4922721B37A00A51D80 /* Preview Content */ = {
			isa = PBXGroup;
			children = (
				41E5A4932721B37A00A51D80 /* Preview Assets.xcassets */,
			);
			path = "Preview Content";
			sourceTree = "<group>";
		};
		41E5A4B72721BEBE00A51D80 /* CoreData Manager */ = {
			isa = PBXGroup;
			children = (
				41E5A4B82721BED800A51D80 /* CoreDataManager.swift */,
			);
			path = "CoreData Manager";
			sourceTree = "<group>";
		};
/* End PBXGroup section */

/* Begin PBXNativeTarget section */
		41E5A4882721B37700A51D80 /* UMSalaryPubV4 */ = {
			isa = PBXNativeTarget;
			buildConfigurationList = 41E5A4972721B37A00A51D80 /* Build configuration list for PBXNativeTarget "UMSalaryPubV4" */;
			buildPhases = (
				41E5A4852721B37700A51D80 /* Sources */,
				41E5A4862721B37700A51D80 /* Frameworks */,
				41E5A4872721B37700A51D80 /* Resources */,
			);
			buildRules = (
			);
			dependencies = (
			);
			name = UMSalaryPubV4;
			packageProductDependencies = (
				41998B7C273970C70021D632 /* Collections */,
				41998B7E273970C70021D632 /* OrderedCollections */,
				41D4B8AC274C95CD00F0FB92 /* Charts */,
			);
			productName = UMSalaryPubV4;
			productReference = 41E5A4892721B37700A51D80 /* UMSalaryPubV4.app */;
			productType = "com.apple.product-type.application";
		};
/* End PBXNativeTarget section */

/* Begin PBXProject section */
		41E5A4812721B37700A51D80 /* Project object */ = {
			isa = PBXProject;
			attributes = {
				BuildIndependentTargetsInParallel = 1;
				LastSwiftUpdateCheck = 1300;
				LastUpgradeCheck = 1300;
				TargetAttributes = {
					41E5A4882721B37700A51D80 = {
						CreatedOnToolsVersion = 13.0;
					};
				};
			};
			buildConfigurationList = 41E5A4842721B37700A51D80 /* Build configuration list for PBXProject "UMSalaryPubV4" */;
			compatibilityVersion = "Xcode 13.0";
			developmentRegion = en;
			hasScannedForEncodings = 0;
			knownRegions = (
				en,
				Base,
			);
			mainGroup = 41E5A4802721B37700A51D80;
			packageReferences = (
				41998B7B273970C70021D632 /* XCRemoteSwiftPackageReference "swift-collections" */,
				41D4B8AB274C95CD00F0FB92 /* XCRemoteSwiftPackageReference "Charts" */,
			);
			productRefGroup = 41E5A48A2721B37700A51D80 /* Products */;
			projectDirPath = "";
			projectRoot = "";
			targets = (
				41E5A4882721B37700A51D80 /* UMSalaryPubV4 */,
			);
		};
/* End PBXProject section */

/* Begin PBXResourcesBuildPhase section */
		41E5A4872721B37700A51D80 /* Resources */ = {
			isa = PBXResourcesBuildPhase;
			buildActionMask = 2147483647;
			files = (
				41998B9C273C51E00021D632 /* csvjson-02018.json in Resources */,
				41998BA2273C51E00021D632 /* csvjson-02013.json in Resources */,
				41998B9D273C51E00021D632 /* csvjson-02019.json in Resources */,
				4157AD0F2765277E002A134D /* UMSalaryPub.sqlite in Resources */,
				41E5A4942721B37A00A51D80 /* Preview Assets.xcassets in Resources */,
				41998BA3273C51E00021D632 /* csvjson-02014.json in Resources */,
				41998BA0273C51E00021D632 /* csvjson-02016.json in Resources */,
				4157AD102765277E002A134D /* UMSalaryPub.sqlite-wal in Resources */,
				41998B9F273C51E00021D632 /* csvjson-02015.json in Resources */,
				41E5A4912721B37A00A51D80 /* Assets.xcassets in Resources */,
				41998B9E273C51E00021D632 /* csvjson-02020.json in Resources */,
				41998BA1273C51E00021D632 /* csvjson-02017.json in Resources */,
				4157AD0E2765277E002A134D /* UMSalaryPub.sqlite-shm in Resources */,
			);
			runOnlyForDeploymentPostprocessing = 0;
		};
/* End PBXResourcesBuildPhase section */

/* Begin PBXSourcesBuildPhase section */
		41E5A4852721B37700A51D80 /* Sources */ = {
			isa = PBXSourcesBuildPhase;
			buildActionMask = 2147483647;
			files = (
				4157AD06275F0122002A134D /* PersonListByTitleViewModel.swift in Sources */,
				41E5A4B12721B95300A51D80 /* Title+CoreDataClass.swift in Sources */,
				41E5A4B02721B95300A51D80 /* Department+CoreDataProperties.swift in Sources */,
				412A066E275D533F00381773 /* AnnualFTRView.swift in Sources */,
				41EA3BB02731C35C001070CF /* FontStyles.swift in Sources */,
				41D4B88A2745A71600F0FB92 /* TitleListViewModel.swift in Sources */,
				41D4B8A82749E98800F0FB92 /* PersonInsightViewModel.swift in Sources */,
				412A066F275D533F00381773 /* AppointmentFractionView.swift in Sources */,
				414AD157272320C300316A45 /* PersonDAO.swift in Sources */,
				41E5A4B52721B95300A51D80 /* Person+CoreDataClass.swift in Sources */,
				4139F4FC2725AACB00E6EC5C /* HomeScreenView.swift in Sources */,
				41D4B87D2740B24100F0FB92 /* PersonDetailView.swift in Sources */,
				414AD1502723208A00316A45 /* AppUtils.swift in Sources */,
				41D4B87F2740C4BD00F0FB92 /* PersonDetailViewModel.swift in Sources */,
				41D4B87B273FC2EA00F0FB92 /* SearchBarView.swift in Sources */,
				41D4B88C2745AAC600F0FB92 /* TitleListView.swift in Sources */,
				412A0669275D520C00381773 /* MoreInfoView.swift in Sources */,
				414AD15A272320C300316A45 /* CampusDAO.swift in Sources */,
				41D4B896274755B300F0FB92 /* CampusListViewModel.swift in Sources */,
				41998BA7273C5BD10021D632 /* PersonListView.swift in Sources */,
				41E5A4B32721B95300A51D80 /* Campus+CoreDataClass.swift in Sources */,
				41D4B88E2745F4B600F0FB92 /* ButtonViews.swift in Sources */,
				41E5A4B42721B95300A51D80 /* Campus+CoreDataProperties.swift in Sources */,
				41D4B89827493D6C00F0FB92 /* DepartmentListView.swift in Sources */,
				414AD158272320C300316A45 /* BaseDAO.swift in Sources */,
				41E5A48F2721B37700A51D80 /* ContentView.swift in Sources */,
				41D4B89E2749CCA200F0FB92 /* DepartmentDetailViewModel.swift in Sources */,
				4139F4F82724904500E6EC5C /* View+Extensions.swift in Sources */,
				41D4B89C2749CC1800F0FB92 /* TitleDetailViewModel.swift in Sources */,
				41D4B8862745942900F0FB92 /* TitleViewModel.swift in Sources */,
				41D4B8A22749CE6D00F0FB92 /* TitleDetailView.swift in Sources */,
				412A0671275D533F00381773 /* FTRBasisView.swift in Sources */,
				414AD156272320C300316A45 /* TitleDAO.swift in Sources */,
				41E5A4B92721BED800A51D80 /* CoreDataManager.swift in Sources */,
				41E5A4AF2721B95300A51D80 /* Department+CoreDataClass.swift in Sources */,
				41D4B8A02749CD0500F0FB92 /* CampusDetailViewModel.swift in Sources */,
				416C8A5E272B10CE00653032 /* BaseModel.swift in Sources */,
				41D4B89A274941C200F0FB92 /* CampusListView.swift in Sources */,
				4157AD0A275FB66B002A134D /* PersonListByDepartmentViewModel.swift in Sources */,
				414AD159272320C300316A45 /* DepartmentDAO.swift in Sources */,
				4157AD04275F00FC002A134D /* PersonListByTitleView.swift in Sources */,
				41D4B8AA2749EAED00F0FB92 /* PersonInsightView.swift in Sources */,
				41998B852739C2850021D632 /* PersonListViewModel.swift in Sources */,
				4157AD08275FB585002A134D /* PersonListByDepartmentView.swift in Sources */,
				41D4B890274749E100F0FB92 /* DepartmentViewModel.swift in Sources */,
				41D4B8942747538800F0FB92 /* DepartmentListViewModel.swift in Sources */,
				41D4B8AF274D63A800F0FB92 /* PersonLineChartView.swift in Sources */,
				41998B5C2738480A0021D632 /* DataDashboardView.swift in Sources */,
				41D4B89227474FC500F0FB92 /* CampusViewModel.swift in Sources */,
				41D4B8A42749DB4700F0FB92 /* DepartmentDetailView.swift in Sources */,
				412A0670275D533F00381773 /* GeneralFundView.swift in Sources */,
				41998B812739A2550021D632 /* PersonViewModel.swift in Sources */,
				41EA3BB42731D9F2001070CF /* DashboardCountsView.swift in Sources */,
				41E5A48D2721B37700A51D80 /* UMSalaryPubV4App.swift in Sources */,
				41E5A4A22721B6CE00A51D80 /* UMSalaryPub.xcdatamodeld in Sources */,
				4139F4F627248DCF00E6EC5C /* AdminViewModel.swift in Sources */,
				41D4B8A62749DD4D00F0FB92 /* CampusDetailView.swift in Sources */,
				41E5A4B22721B95300A51D80 /* Title+CoreDataProperties.swift in Sources */,
				41E5A4B62721B95300A51D80 /* Person+CoreDataProperties.swift in Sources */,
			);
			runOnlyForDeploymentPostprocessing = 0;
		};
/* End PBXSourcesBuildPhase section */

/* Begin XCBuildConfiguration section */
		41E5A4952721B37A00A51D80 /* Debug */ = {
			isa = XCBuildConfiguration;
			buildSettings = {
				ALWAYS_SEARCH_USER_PATHS = NO;
				CLANG_ANALYZER_NONNULL = YES;
				CLANG_ANALYZER_NUMBER_OBJECT_CONVERSION = YES_AGGRESSIVE;
				CLANG_CXX_LANGUAGE_STANDARD = "gnu++17";
				CLANG_CXX_LIBRARY = "libc++";
				CLANG_ENABLE_MODULES = YES;
				CLANG_ENABLE_OBJC_ARC = YES;
				CLANG_ENABLE_OBJC_WEAK = YES;
				CLANG_WARN_BLOCK_CAPTURE_AUTORELEASING = YES;
				CLANG_WARN_BOOL_CONVERSION = YES;
				CLANG_WARN_COMMA = YES;
				CLANG_WARN_CONSTANT_CONVERSION = YES;
				CLANG_WARN_DEPRECATED_OBJC_IMPLEMENTATIONS = YES;
				CLANG_WARN_DIRECT_OBJC_ISA_USAGE = YES_ERROR;
				CLANG_WARN_DOCUMENTATION_COMMENTS = YES;
				CLANG_WARN_EMPTY_BODY = YES;
				CLANG_WARN_ENUM_CONVERSION = YES;
				CLANG_WARN_INFINITE_RECURSION = YES;
				CLANG_WARN_INT_CONVERSION = YES;
				CLANG_WARN_NON_LITERAL_NULL_CONVERSION = YES;
				CLANG_WARN_OBJC_IMPLICIT_RETAIN_SELF = YES;
				CLANG_WARN_OBJC_LITERAL_CONVERSION = YES;
				CLANG_WARN_OBJC_ROOT_CLASS = YES_ERROR;
				CLANG_WARN_QUOTED_INCLUDE_IN_FRAMEWORK_HEADER = YES;
				CLANG_WARN_RANGE_LOOP_ANALYSIS = YES;
				CLANG_WARN_STRICT_PROTOTYPES = YES;
				CLANG_WARN_SUSPICIOUS_MOVE = YES;
				CLANG_WARN_UNGUARDED_AVAILABILITY = YES_AGGRESSIVE;
				CLANG_WARN_UNREACHABLE_CODE = YES;
				CLANG_WARN__DUPLICATE_METHOD_MATCH = YES;
				COPY_PHASE_STRIP = NO;
				DEBUG_INFORMATION_FORMAT = dwarf;
				ENABLE_STRICT_OBJC_MSGSEND = YES;
				ENABLE_TESTABILITY = YES;
				GCC_C_LANGUAGE_STANDARD = gnu11;
				GCC_DYNAMIC_NO_PIC = NO;
				GCC_NO_COMMON_BLOCKS = YES;
				GCC_OPTIMIZATION_LEVEL = 0;
				GCC_PREPROCESSOR_DEFINITIONS = (
					"DEBUG=1",
					"$(inherited)",
				);
				GCC_WARN_64_TO_32_BIT_CONVERSION = YES;
				GCC_WARN_ABOUT_RETURN_TYPE = YES_ERROR;
				GCC_WARN_UNDECLARED_SELECTOR = YES;
				GCC_WARN_UNINITIALIZED_AUTOS = YES_AGGRESSIVE;
				GCC_WARN_UNUSED_FUNCTION = YES;
				GCC_WARN_UNUSED_VARIABLE = YES;
				IPHONEOS_DEPLOYMENT_TARGET = 15.0;
				MTL_ENABLE_DEBUG_INFO = INCLUDE_SOURCE;
				MTL_FAST_MATH = YES;
				ONLY_ACTIVE_ARCH = YES;
				SDKROOT = iphoneos;
				SWIFT_ACTIVE_COMPILATION_CONDITIONS = DEBUG;
				SWIFT_OPTIMIZATION_LEVEL = "-Onone";
			};
			name = Debug;
		};
		41E5A4962721B37A00A51D80 /* Release */ = {
			isa = XCBuildConfiguration;
			buildSettings = {
				ALWAYS_SEARCH_USER_PATHS = NO;
				CLANG_ANALYZER_NONNULL = YES;
				CLANG_ANALYZER_NUMBER_OBJECT_CONVERSION = YES_AGGRESSIVE;
				CLANG_CXX_LANGUAGE_STANDARD = "gnu++17";
				CLANG_CXX_LIBRARY = "libc++";
				CLANG_ENABLE_MODULES = YES;
				CLANG_ENABLE_OBJC_ARC = YES;
				CLANG_ENABLE_OBJC_WEAK = YES;
				CLANG_WARN_BLOCK_CAPTURE_AUTORELEASING = YES;
				CLANG_WARN_BOOL_CONVERSION = YES;
				CLANG_WARN_COMMA = YES;
				CLANG_WARN_CONSTANT_CONVERSION = YES;
				CLANG_WARN_DEPRECATED_OBJC_IMPLEMENTATIONS = YES;
				CLANG_WARN_DIRECT_OBJC_ISA_USAGE = YES_ERROR;
				CLANG_WARN_DOCUMENTATION_COMMENTS = YES;
				CLANG_WARN_EMPTY_BODY = YES;
				CLANG_WARN_ENUM_CONVERSION = YES;
				CLANG_WARN_INFINITE_RECURSION = YES;
				CLANG_WARN_INT_CONVERSION = YES;
				CLANG_WARN_NON_LITERAL_NULL_CONVERSION = YES;
				CLANG_WARN_OBJC_IMPLICIT_RETAIN_SELF = YES;
				CLANG_WARN_OBJC_LITERAL_CONVERSION = YES;
				CLANG_WARN_OBJC_ROOT_CLASS = YES_ERROR;
				CLANG_WARN_QUOTED_INCLUDE_IN_FRAMEWORK_HEADER = YES;
				CLANG_WARN_RANGE_LOOP_ANALYSIS = YES;
				CLANG_WARN_STRICT_PROTOTYPES = YES;
				CLANG_WARN_SUSPICIOUS_MOVE = YES;
				CLANG_WARN_UNGUARDED_AVAILABILITY = YES_AGGRESSIVE;
				CLANG_WARN_UNREACHABLE_CODE = YES;
				CLANG_WARN__DUPLICATE_METHOD_MATCH = YES;
				COPY_PHASE_STRIP = NO;
				DEBUG_INFORMATION_FORMAT = "dwarf-with-dsym";
				ENABLE_NS_ASSERTIONS = NO;
				ENABLE_STRICT_OBJC_MSGSEND = YES;
				GCC_C_LANGUAGE_STANDARD = gnu11;
				GCC_NO_COMMON_BLOCKS = YES;
				GCC_WARN_64_TO_32_BIT_CONVERSION = YES;
				GCC_WARN_ABOUT_RETURN_TYPE = YES_ERROR;
				GCC_WARN_UNDECLARED_SELECTOR = YES;
				GCC_WARN_UNINITIALIZED_AUTOS = YES_AGGRESSIVE;
				GCC_WARN_UNUSED_FUNCTION = YES;
				GCC_WARN_UNUSED_VARIABLE = YES;
				IPHONEOS_DEPLOYMENT_TARGET = 15.0;
				MTL_ENABLE_DEBUG_INFO = NO;
				MTL_FAST_MATH = YES;
				SDKROOT = iphoneos;
				SWIFT_COMPILATION_MODE = wholemodule;
				SWIFT_OPTIMIZATION_LEVEL = "-O";
				VALIDATE_PRODUCT = YES;
			};
			name = Release;
		};
		41E5A4982721B37A00A51D80 /* Debug */ = {
			isa = XCBuildConfiguration;
			buildSettings = {
				ASSETCATALOG_COMPILER_APPICON_NAME = AppIcon;
				ASSETCATALOG_COMPILER_GLOBAL_ACCENT_COLOR_NAME = AccentColor;
				CODE_SIGN_STYLE = Automatic;
				CURRENT_PROJECT_VERSION = 1;
				DEVELOPMENT_ASSET_PATHS = "\"UMSalaryPubV4/Preview Content\"";
				DEVELOPMENT_TEAM = 947MDTH7AR;
				ENABLE_PREVIEWS = YES;
				GENERATE_INFOPLIST_FILE = YES;
				INFOPLIST_KEY_UIApplicationSceneManifest_Generation = YES;
				INFOPLIST_KEY_UIApplicationSupportsIndirectInputEvents = YES;
				INFOPLIST_KEY_UILaunchScreen_Generation = YES;
				INFOPLIST_KEY_UISupportedInterfaceOrientations_iPad = "UIInterfaceOrientationPortrait UIInterfaceOrientationPortraitUpsideDown UIInterfaceOrientationLandscapeLeft UIInterfaceOrientationLandscapeRight";
				INFOPLIST_KEY_UISupportedInterfaceOrientations_iPhone = "UIInterfaceOrientationPortrait UIInterfaceOrientationLandscapeLeft UIInterfaceOrientationLandscapeRight";
				IPHONEOS_DEPLOYMENT_TARGET = 14.0;
				LD_RUNPATH_SEARCH_PATHS = (
					"$(inherited)",
					"@executable_path/Frameworks",
				);
				MARKETING_VERSION = 1.0;
				PRODUCT_BUNDLE_IDENTIFIER = FrankfurtIndustries.UMSalaryPubV4;
				PRODUCT_NAME = "$(TARGET_NAME)";
				SWIFT_EMIT_LOC_STRINGS = YES;
				SWIFT_VERSION = 5.0;
				TARGETED_DEVICE_FAMILY = "1,2";
			};
			name = Debug;
		};
		41E5A4992721B37A00A51D80 /* Release */ = {
			isa = XCBuildConfiguration;
			buildSettings = {
				ASSETCATALOG_COMPILER_APPICON_NAME = AppIcon;
				ASSETCATALOG_COMPILER_GLOBAL_ACCENT_COLOR_NAME = AccentColor;
				CODE_SIGN_STYLE = Automatic;
				CURRENT_PROJECT_VERSION = 1;
				DEVELOPMENT_ASSET_PATHS = "\"UMSalaryPubV4/Preview Content\"";
				DEVELOPMENT_TEAM = 947MDTH7AR;
				ENABLE_PREVIEWS = YES;
				GENERATE_INFOPLIST_FILE = YES;
				INFOPLIST_KEY_UIApplicationSceneManifest_Generation = YES;
				INFOPLIST_KEY_UIApplicationSupportsIndirectInputEvents = YES;
				INFOPLIST_KEY_UILaunchScreen_Generation = YES;
				INFOPLIST_KEY_UISupportedInterfaceOrientations_iPad = "UIInterfaceOrientationPortrait UIInterfaceOrientationPortraitUpsideDown UIInterfaceOrientationLandscapeLeft UIInterfaceOrientationLandscapeRight";
				INFOPLIST_KEY_UISupportedInterfaceOrientations_iPhone = "UIInterfaceOrientationPortrait UIInterfaceOrientationLandscapeLeft UIInterfaceOrientationLandscapeRight";
				IPHONEOS_DEPLOYMENT_TARGET = 14.0;
				LD_RUNPATH_SEARCH_PATHS = (
					"$(inherited)",
					"@executable_path/Frameworks",
				);
				MARKETING_VERSION = 1.0;
				PRODUCT_BUNDLE_IDENTIFIER = FrankfurtIndustries.UMSalaryPubV4;
				PRODUCT_NAME = "$(TARGET_NAME)";
				SWIFT_EMIT_LOC_STRINGS = YES;
				SWIFT_VERSION = 5.0;
				TARGETED_DEVICE_FAMILY = "1,2";
			};
			name = Release;
		};
/* End XCBuildConfiguration section */

/* Begin XCConfigurationList section */
		41E5A4842721B37700A51D80 /* Build configuration list for PBXProject "UMSalaryPubV4" */ = {
			isa = XCConfigurationList;
			buildConfigurations = (
				41E5A4952721B37A00A51D80 /* Debug */,
				41E5A4962721B37A00A51D80 /* Release */,
			);
			defaultConfigurationIsVisible = 0;
			defaultConfigurationName = Release;
		};
		41E5A4972721B37A00A51D80 /* Build configuration list for PBXNativeTarget "UMSalaryPubV4" */ = {
			isa = XCConfigurationList;
			buildConfigurations = (
				41E5A4982721B37A00A51D80 /* Debug */,
				41E5A4992721B37A00A51D80 /* Release */,
			);
			defaultConfigurationIsVisible = 0;
			defaultConfigurationName = Release;
		};
/* End XCConfigurationList section */

/* Begin XCRemoteSwiftPackageReference section */
		41998B7B273970C70021D632 /* XCRemoteSwiftPackageReference "swift-collections" */ = {
			isa = XCRemoteSwiftPackageReference;
			repositoryURL = "https://github.com/apple/swift-collections.git";
			requirement = {
				kind = upToNextMajorVersion;
				minimumVersion = 1.0.0;
			};
		};
		41D4B8AB274C95CD00F0FB92 /* XCRemoteSwiftPackageReference "Charts" */ = {
			isa = XCRemoteSwiftPackageReference;
			repositoryURL = "https://github.com/danielgindi/Charts";
			requirement = {
				kind = upToNextMajorVersion;
				minimumVersion = 4.0.0;
			};
		};
/* End XCRemoteSwiftPackageReference section */

/* Begin XCSwiftPackageProductDependency section */
		41998B7C273970C70021D632 /* Collections */ = {
			isa = XCSwiftPackageProductDependency;
			package = 41998B7B273970C70021D632 /* XCRemoteSwiftPackageReference "swift-collections" */;
			productName = Collections;
		};
		41998B7E273970C70021D632 /* OrderedCollections */ = {
			isa = XCSwiftPackageProductDependency;
			package = 41998B7B273970C70021D632 /* XCRemoteSwiftPackageReference "swift-collections" */;
			productName = OrderedCollections;
		};
		41D4B8AC274C95CD00F0FB92 /* Charts */ = {
			isa = XCSwiftPackageProductDependency;
			package = 41D4B8AB274C95CD00F0FB92 /* XCRemoteSwiftPackageReference "Charts" */;
			productName = Charts;
		};
/* End XCSwiftPackageProductDependency section */

/* Begin XCVersionGroup section */
		41E5A4A02721B6CE00A51D80 /* UMSalaryPub.xcdatamodeld */ = {
			isa = XCVersionGroup;
			children = (
				41E5A4A12721B6CE00A51D80 /* Shared.xcdatamodel */,
			);
			currentVersion = 41E5A4A12721B6CE00A51D80 /* Shared.xcdatamodel */;
			path = UMSalaryPub.xcdatamodeld;
			sourceTree = "<group>";
			versionGroupType = wrapper.xcdatamodel;
		};
/* End XCVersionGroup section */
	};
	rootObject = 41E5A4812721B37700A51D80 /* Project object */;
}
